
Microsoft Visual Studio Solution File, Format Version 11.00
# Visual Studio 2010
Project("{FAE04EC0-301F-11D3-BF4B-00C04F79EFBC}") = "Assembly-CSharp", "Assembly-CSharp.csproj", "{9c520f1e-b3e3-f5b4-5877-d61329a5dad9}"
EndProject
Project("{FAE04EC0-301F-11D3-BF4B-00C04F79EFBC}") = "Assembly-CSharp-Editor", "Assembly-CSharp-Editor.csproj", "{f1c53df7-09c8-e7c1-f7c7-c39ecaf3f432}"
EndProject
Global
	GlobalSection(SolutionConfigurationPlatforms) = preSolution
		Debug|Any CPU = Debug|Any CPU
	EndGlobalSection
	GlobalSection(ProjectConfigurationPlatforms) = postSolution
		{9c520f1e-b3e3-f5b4-5877-d61329a5dad9}.Debug|Any CPU.ActiveCfg = Debug|Any CPU
		{9c520f1e-b3e3-f5b4-5877-d61329a5dad9}.Debug|Any CPU.Build.0 = Debug|Any CPU
		{f1c53df7-09c8-e7c1-f7c7-c39ecaf3f432}.Debug|Any CPU.ActiveCfg = Debug|Any CPU
		{f1c53df7-09c8-e7c1-f7c7-c39ecaf3f432}.Debug|Any CPU.Build.0 = Debug|Any CPU
	EndGlobalSection
	GlobalSection(SolutionProperties) = preSolution
		HideSolutionNode = FALSE
	EndGlobalSection
EndGlobal
